<Solution>
  <Project Path="CadParcial2Aafa/CadParcial2Aafa.csproj" Id="4a752ee8-67a2-450b-8d7d-97f24ba66f13" />
  <Project Path="ClnParcial2Aafa/ClnParcial2Aafa.csproj" Id="8cd46408-dc5b-483f-ba46-325ff53a95c9" />
  <Project Path="Parcial2Aafa/CpParcial2Aafa.csproj" Id="fd7760b3-fdbf-4333-a65a-03033818157d" />
</Solution>
